PODS:
  - AFNetworking (3.2.1):
    - AFNetworking/NSURLSession (= 3.2.1)
    - AFNetworking/Reachability (= 3.2.1)
    - AFNetworking/Security (= 3.2.1)
    - AFNetworking/Serialization (= 3.2.1)
    - AFNetworking/UIKit (= 3.2.1)
  - AFNetworking/NSURLSession (3.2.1):
    - AFNetworking/Reachability
    - AFNetworking/Security
    - AFNetworking/Serialization
  - AFNetworking/Reachability (3.2.1)
  - AFNetworking/Security (3.2.1)
  - AFNetworking/Serialization (3.2.1)
  - AFNetworking/UIKit (3.2.1):
    - AFNetworking/NSURLSession
  - CYLTabBarController (1.28.4):
    - CYLTabBarController/Core (= 1.28.4)
  - CYLTabBarController/Core (1.28.4)
  - IQKeyboardManager (6.5.4)
  - JXCategoryView (1.5.2)
  - JXPagingView/Pager (2.0.1)
  - LookinServer (1.0.0)
  - Masonry (1.1.0)
  - MJRefresh (3.2.3)
  - QMUIKit (4.0.3):
    - QMUIKit/QMUIComponents (= 4.0.3)
    - QMUIKit/QMUICore (= 4.0.3)
    - QMUIKit/QMUILog (= 4.0.3)
    - QMUIKit/QMUIMainFrame (= 4.0.3)
    - QMUIKit/QMUIWeakObjectContainer (= 4.0.3)
  - QMUIKit/QMUIComponents (4.0.3):
    - QMUIKit/QMUIComponents/NavigationBarTransition (= 4.0.3)
    - QMUIKit/QMUIComponents/QMUIAlertController (= 4.0.3)
    - QMUIKit/QMUIComponents/QMUIAnimation (= 4.0.3)
    - QMUIKit/QMUIComponents/QMUIAssetLibrary (= 4.0.3)
    - QMUIKit/QMUIComponents/QMUIBadge (= 4.0.3)
    - QMUIKit/QMUIComponents/QMUIButton (= 4.0.3)
    - QMUIKit/QMUIComponents/QMUICAAnimationExtension (= 4.0.3)
    - QMUIKit/QMUIComponents/QMUICellHeightCache (= 4.0.3)
    - QMUIKit/QMUIComponents/QMUICellHeightKeyCache (= 4.0.3)
    - QMUIKit/QMUIComponents/QMUICellSizeKeyCache (= 4.0.3)
    - QMUIKit/QMUIComponents/QMUICollectionViewPagingLayout (= 4.0.3)
    - QMUIKit/QMUIComponents/QMUIConsole (= 4.0.3)
    - QMUIKit/QMUIComponents/QMUIDialogViewController (= 4.0.3)
    - QMUIKit/QMUIComponents/QMUIEmotionInputManager (= 4.0.3)
    - QMUIKit/QMUIComponents/QMUIEmotionView (= 4.0.3)
    - QMUIKit/QMUIComponents/QMUIEmptyView (= 4.0.3)
    - QMUIKit/QMUIComponents/QMUIFillButton (= 4.0.3)
    - QMUIKit/QMUIComponents/QMUIFloatLayoutView (= 4.0.3)
    - QMUIKit/QMUIComponents/QMUIGhostButton (= 4.0.3)
    - QMUIKit/QMUIComponents/QMUIGridView (= 4.0.3)
    - QMUIKit/QMUIComponents/QMUIImagePickerLibrary (= 4.0.3)
    - QMUIKit/QMUIComponents/QMUIImagePreviewView (= 4.0.3)
    - QMUIKit/QMUIComponents/QMUIKeyboardManager (= 4.0.3)
    - QMUIKit/QMUIComponents/QMUILabel (= 4.0.3)
    - QMUIKit/QMUIComponents/QMUILinkButton (= 4.0.3)
    - QMUIKit/QMUIComponents/QMUILogManagerViewController (= 4.0.3)
    - QMUIKit/QMUIComponents/QMUILogWithConfigurationSupported (= 4.0.3)
    - QMUIKit/QMUIComponents/QMUIMarqueeLabel (= 4.0.3)
    - QMUIKit/QMUIComponents/QMUIModalPresentationViewController (= 4.0.3)
    - QMUIKit/QMUIComponents/QMUIMoreOperationController (= 4.0.3)
    - QMUIKit/QMUIComponents/QMUIMultipleDelegates (= 4.0.3)
    - QMUIKit/QMUIComponents/QMUINavigationButton (= 4.0.3)
    - QMUIKit/QMUIComponents/QMUINavigationTitleView (= 4.0.3)
    - QMUIKit/QMUIComponents/QMUIOrderedDictionary (= 4.0.3)
    - QMUIKit/QMUIComponents/QMUIPieProgressView (= 4.0.3)
    - QMUIKit/QMUIComponents/QMUIPopupContainerView (= 4.0.3)
    - QMUIKit/QMUIComponents/QMUIPopupMenuView (= 4.0.3)
    - QMUIKit/QMUIComponents/QMUIScrollAnimator (= 4.0.3)
    - QMUIKit/QMUIComponents/QMUISearchBar (= 4.0.3)
    - QMUIKit/QMUIComponents/QMUISearchController (= 4.0.3)
    - QMUIKit/QMUIComponents/QMUISegmentedControl (= 4.0.3)
    - QMUIKit/QMUIComponents/QMUISlider (= 4.0.3)
    - QMUIKit/QMUIComponents/QMUIStaticTableView (= 4.0.3)
    - QMUIKit/QMUIComponents/QMUITableView (= 4.0.3)
    - QMUIKit/QMUIComponents/QMUITableViewCell (= 4.0.3)
    - QMUIKit/QMUIComponents/QMUITableViewHeaderFooterView (= 4.0.3)
    - QMUIKit/QMUIComponents/QMUITableViewProtocols (= 4.0.3)
    - QMUIKit/QMUIComponents/QMUITestView (= 4.0.3)
    - QMUIKit/QMUIComponents/QMUITextField (= 4.0.3)
    - QMUIKit/QMUIComponents/QMUITextView (= 4.0.3)
    - QMUIKit/QMUIComponents/QMUITheme (= 4.0.3)
    - QMUIKit/QMUIComponents/QMUITips (= 4.0.3)
    - QMUIKit/QMUIComponents/QMUIToastView (= 4.0.3)
    - QMUIKit/QMUIComponents/QMUIToolbarButton (= 4.0.3)
    - QMUIKit/QMUIComponents/QMUIVisualEffectView (= 4.0.3)
    - QMUIKit/QMUIComponents/QMUIWindowSizeMonitor (= 4.0.3)
    - QMUIKit/QMUIComponents/QMUIZoomImageView (= 4.0.3)
    - QMUIKit/QMUICore
  - QMUIKit/QMUIComponents/NavigationBarTransition (4.0.3):
    - QMUIKit/QMUIComponents/QMUINavigationTitleView
    - QMUIKit/QMUICore
    - QMUIKit/QMUIMainFrame
  - QMUIKit/QMUIComponents/QMUIAlertController (4.0.3):
    - QMUIKit/QMUIComponents/QMUIButton
    - QMUIKit/QMUIComponents/QMUIModalPresentationViewController
    - QMUIKit/QMUIComponents/QMUITextField
    - QMUIKit/QMUICore
  - QMUIKit/QMUIComponents/QMUIAnimation (4.0.3):
    - QMUIKit/QMUICore
  - QMUIKit/QMUIComponents/QMUIAssetLibrary (4.0.3):
    - QMUIKit/QMUICore
  - QMUIKit/QMUIComponents/QMUIBadge (4.0.3):
    - QMUIKit/QMUIComponents/QMUILabel
    - QMUIKit/QMUICore
  - QMUIKit/QMUIComponents/QMUIButton (4.0.3):
    - QMUIKit/QMUICore
  - QMUIKit/QMUIComponents/QMUICAAnimationExtension (4.0.3):
    - QMUIKit/QMUIComponents/QMUIMultipleDelegates
    - QMUIKit/QMUICore
  - QMUIKit/QMUIComponents/QMUICellHeightCache (4.0.3):
    - QMUIKit/QMUIComponents/QMUITableViewProtocols
    - QMUIKit/QMUICore
  - QMUIKit/QMUIComponents/QMUICellHeightKeyCache (4.0.3):
    - QMUIKit/QMUIComponents/QMUIMultipleDelegates
    - QMUIKit/QMUIComponents/QMUITableViewProtocols
    - QMUIKit/QMUICore
  - QMUIKit/QMUIComponents/QMUICellSizeKeyCache (4.0.3):
    - QMUIKit/QMUIComponents/QMUIMultipleDelegates
    - QMUIKit/QMUICore
  - QMUIKit/QMUIComponents/QMUICollectionViewPagingLayout (4.0.3):
    - QMUIKit/QMUICore
  - QMUIKit/QMUIComponents/QMUIConsole (4.0.3):
    - QMUIKit/QMUIComponents/QMUIButton
    - QMUIKit/QMUIComponents/QMUICAAnimationExtension
    - QMUIKit/QMUIComponents/QMUIPopupMenuView
    - QMUIKit/QMUIComponents/QMUITextField
    - QMUIKit/QMUIComponents/QMUITextView
    - QMUIKit/QMUICore
  - QMUIKit/QMUIComponents/QMUIDialogViewController (4.0.3):
    - QMUIKit/QMUIComponents/QMUIButton
    - QMUIKit/QMUIComponents/QMUILabel
    - QMUIKit/QMUIComponents/QMUIModalPresentationViewController
    - QMUIKit/QMUIComponents/QMUINavigationTitleView
    - QMUIKit/QMUIComponents/QMUITableView
    - QMUIKit/QMUIComponents/QMUITableViewCell
    - QMUIKit/QMUIComponents/QMUITextField
    - QMUIKit/QMUICore
    - QMUIKit/QMUIMainFrame
  - QMUIKit/QMUIComponents/QMUIEmotionInputManager (4.0.3):
    - QMUIKit/QMUIComponents/QMUIEmotionView
    - QMUIKit/QMUICore
  - QMUIKit/QMUIComponents/QMUIEmotionView (4.0.3):
    - QMUIKit/QMUIComponents/QMUIButton
    - QMUIKit/QMUICore
  - QMUIKit/QMUIComponents/QMUIEmptyView (4.0.3):
    - QMUIKit/QMUIComponents/QMUIButton
    - QMUIKit/QMUICore
  - QMUIKit/QMUIComponents/QMUIFillButton (4.0.3):
    - QMUIKit/QMUIComponents/QMUIButton
    - QMUIKit/QMUICore
  - QMUIKit/QMUIComponents/QMUIFloatLayoutView (4.0.3):
    - QMUIKit/QMUICore
  - QMUIKit/QMUIComponents/QMUIGhostButton (4.0.3):
    - QMUIKit/QMUIComponents/QMUIButton
    - QMUIKit/QMUICore
  - QMUIKit/QMUIComponents/QMUIGridView (4.0.3):
    - QMUIKit/QMUICore
  - QMUIKit/QMUIComponents/QMUIImagePickerLibrary (4.0.3):
    - QMUIKit/QMUIComponents/QMUIAlertController
    - QMUIKit/QMUIComponents/QMUIAssetLibrary
    - QMUIKit/QMUIComponents/QMUIButton
    - QMUIKit/QMUIComponents/QMUIEmptyView
    - QMUIKit/QMUIComponents/QMUIImagePreviewView
    - QMUIKit/QMUIComponents/QMUINavigationButton
    - QMUIKit/QMUIComponents/QMUITableViewCell
    - QMUIKit/QMUIComponents/QMUIZoomImageView
    - QMUIKit/QMUICore
    - QMUIKit/QMUIMainFrame
  - QMUIKit/QMUIComponents/QMUIImagePreviewView (4.0.3):
    - QMUIKit/QMUIComponents/QMUIButton
    - QMUIKit/QMUIComponents/QMUICollectionViewPagingLayout
    - QMUIKit/QMUIComponents/QMUIEmptyView
    - QMUIKit/QMUIComponents/QMUIPieProgressView
    - QMUIKit/QMUIComponents/QMUIZoomImageView
    - QMUIKit/QMUICore
    - QMUIKit/QMUIMainFrame
  - QMUIKit/QMUIComponents/QMUIKeyboardManager (4.0.3):
    - QMUIKit/QMUICore
  - QMUIKit/QMUIComponents/QMUILabel (4.0.3):
    - QMUIKit/QMUICore
  - QMUIKit/QMUIComponents/QMUILinkButton (4.0.3):
    - QMUIKit/QMUIComponents/QMUIButton
    - QMUIKit/QMUICore
  - QMUIKit/QMUIComponents/QMUILogManagerViewController (4.0.3):
    - QMUIKit/QMUIComponents/QMUIPopupMenuView
    - QMUIKit/QMUIComponents/QMUISearchController
    - QMUIKit/QMUIComponents/QMUIStaticTableView
    - QMUIKit/QMUIComponents/QMUITableView
    - QMUIKit/QMUICore
    - QMUIKit/QMUIMainFrame
  - QMUIKit/QMUIComponents/QMUILogWithConfigurationSupported (4.0.3):
    - QMUIKit/QMUICore
  - QMUIKit/QMUIComponents/QMUIMarqueeLabel (4.0.3):
    - QMUIKit/QMUICore
  - QMUIKit/QMUIComponents/QMUIModalPresentationViewController (4.0.3):
    - QMUIKit/QMUIComponents/QMUIKeyboardManager
    - QMUIKit/QMUICore
  - QMUIKit/QMUIComponents/QMUIMoreOperationController (4.0.3):
    - QMUIKit/QMUIComponents/QMUIButton
    - QMUIKit/QMUIComponents/QMUIModalPresentationViewController
    - QMUIKit/QMUICore
  - QMUIKit/QMUIComponents/QMUIMultipleDelegates (4.0.3):
    - QMUIKit/QMUICore
  - QMUIKit/QMUIComponents/QMUINavigationButton (4.0.3):
    - QMUIKit/QMUICore
    - QMUIKit/QMUIMainFrame
  - QMUIKit/QMUIComponents/QMUINavigationTitleView (4.0.3):
    - QMUIKit/QMUIComponents/QMUIButton
    - QMUIKit/QMUICore
  - QMUIKit/QMUIComponents/QMUIOrderedDictionary (4.0.3):
    - QMUIKit/QMUICore
  - QMUIKit/QMUIComponents/QMUIPieProgressView (4.0.3):
    - QMUIKit/QMUICore
  - QMUIKit/QMUIComponents/QMUIPopupContainerView (4.0.3):
    - QMUIKit/QMUICore
    - QMUIKit/QMUIMainFrame
  - QMUIKit/QMUIComponents/QMUIPopupMenuView (4.0.3):
    - QMUIKit/QMUIComponents/QMUIButton
    - QMUIKit/QMUIComponents/QMUIPopupContainerView
    - QMUIKit/QMUICore
  - QMUIKit/QMUIComponents/QMUIScrollAnimator (4.0.3):
    - QMUIKit/QMUIComponents/QMUIMultipleDelegates
    - QMUIKit/QMUICore
  - QMUIKit/QMUIComponents/QMUISearchBar (4.0.3):
    - QMUIKit/QMUICore
  - QMUIKit/QMUIComponents/QMUISearchController (4.0.3):
    - QMUIKit/QMUIComponents/QMUIEmptyView
    - QMUIKit/QMUIComponents/QMUISearchBar
    - QMUIKit/QMUICore
    - QMUIKit/QMUIMainFrame
  - QMUIKit/QMUIComponents/QMUISegmentedControl (4.0.3):
    - QMUIKit/QMUICore
  - QMUIKit/QMUIComponents/QMUISlider (4.0.3):
    - QMUIKit/QMUICore
  - QMUIKit/QMUIComponents/QMUIStaticTableView (4.0.3):
    - QMUIKit/QMUIComponents/QMUIMultipleDelegates
    - QMUIKit/QMUIComponents/QMUITableViewCell
    - QMUIKit/QMUICore
  - QMUIKit/QMUIComponents/QMUITableView (4.0.3):
    - QMUIKit/QMUIComponents/QMUITableViewProtocols
    - QMUIKit/QMUICore
  - QMUIKit/QMUIComponents/QMUITableViewCell (4.0.3):
    - QMUIKit/QMUIComponents/QMUIButton
    - QMUIKit/QMUICore
  - QMUIKit/QMUIComponents/QMUITableViewHeaderFooterView (4.0.3):
    - QMUIKit/QMUICore
  - QMUIKit/QMUIComponents/QMUITableViewProtocols (4.0.3):
    - QMUIKit/QMUICore
  - QMUIKit/QMUIComponents/QMUITestView (4.0.3):
    - QMUIKit/QMUICore
  - QMUIKit/QMUIComponents/QMUITextField (4.0.3):
    - QMUIKit/QMUIComponents/QMUIMultipleDelegates
    - QMUIKit/QMUICore
  - QMUIKit/QMUIComponents/QMUITextView (4.0.3):
    - QMUIKit/QMUIComponents/QMUILabel
    - QMUIKit/QMUIComponents/QMUIMultipleDelegates
    - QMUIKit/QMUICore
  - QMUIKit/QMUIComponents/QMUITheme (4.0.3):
    - QMUIKit/QMUIComponents/QMUIAlertController
    - QMUIKit/QMUIComponents/QMUIButton
    - QMUIKit/QMUIComponents/QMUIConsole
    - QMUIKit/QMUIComponents/QMUIEmotionView
    - QMUIKit/QMUIComponents/QMUIEmptyView
    - QMUIKit/QMUIComponents/QMUIFillButton
    - QMUIKit/QMUIComponents/QMUIGhostButton
    - QMUIKit/QMUIComponents/QMUIGridView
    - QMUIKit/QMUIComponents/QMUIImagePickerLibrary
    - QMUIKit/QMUIComponents/QMUIImagePreviewView
    - QMUIKit/QMUIComponents/QMUILabel
    - QMUIKit/QMUIComponents/QMUILinkButton
    - QMUIKit/QMUIComponents/QMUIModalPresentationViewController
    - QMUIKit/QMUIComponents/QMUIPopupContainerView
    - QMUIKit/QMUIComponents/QMUIPopupMenuView
    - QMUIKit/QMUIComponents/QMUISlider
    - QMUIKit/QMUIComponents/QMUITextField
    - QMUIKit/QMUIComponents/QMUITextView
    - QMUIKit/QMUIComponents/QMUIToastView
    - QMUIKit/QMUIComponents/QMUIVisualEffectView
    - QMUIKit/QMUICore
  - QMUIKit/QMUIComponents/QMUITips (4.0.3):
    - QMUIKit/QMUIComponents/QMUIToastView
    - QMUIKit/QMUICore
  - QMUIKit/QMUIComponents/QMUIToastView (4.0.3):
    - QMUIKit/QMUIComponents/QMUIKeyboardManager
    - QMUIKit/QMUIComponents/QMUIVisualEffectView
    - QMUIKit/QMUICore
  - QMUIKit/QMUIComponents/QMUIToolbarButton (4.0.3):
    - QMUIKit/QMUICore
  - QMUIKit/QMUIComponents/QMUIVisualEffectView (4.0.3):
    - QMUIKit/QMUICore
  - QMUIKit/QMUIComponents/QMUIWindowSizeMonitor (4.0.3):
    - QMUIKit/QMUICore
  - QMUIKit/QMUIComponents/QMUIZoomImageView (4.0.3):
    - QMUIKit/QMUIComponents/QMUIAssetLibrary
    - QMUIKit/QMUIComponents/QMUIButton
    - QMUIKit/QMUIComponents/QMUIEmptyView
    - QMUIKit/QMUIComponents/QMUIPieProgressView
    - QMUIKit/QMUIComponents/QMUISlider
    - QMUIKit/QMUICore
  - QMUIKit/QMUICore (4.0.3):
    - QMUIKit/QMUILog
    - QMUIKit/QMUIWeakObjectContainer
  - QMUIKit/QMUILog (4.0.3)
  - QMUIKit/QMUIMainFrame (4.0.3):
    - QMUIKit/QMUIComponents/QMUIEmptyView
    - QMUIKit/QMUIComponents/QMUIKeyboardManager
    - QMUIKit/QMUIComponents/QMUIMultipleDelegates
    - QMUIKit/QMUIComponents/QMUINavigationTitleView
    - QMUIKit/QMUIComponents/QMUITableView
    - QMUIKit/QMUIComponents/QMUITableViewHeaderFooterView
    - QMUIKit/QMUICore
    - QMUIKit/QMUILog
  - QMUIKit/QMUIWeakObjectContainer (4.0.3)
  - Reachability (3.2)
  - ReactiveObjC (3.1.1)
  - SDCycleScrollView (1.80):
    - SDWebImage (>= 5.0.0)
  - SDWebImage (5.4.0):
    - SDWebImage/Core (= 5.4.0)
  - SDWebImage/Core (5.4.0)
  - SJBaseVideoPlayer (3.1.7):
    - Masonry
    - Reachability
    - SJBaseVideoPlayer/AVPlayer (= 3.1.7)
    - SJBaseVideoPlayer/Common (= 3.1.7)
    - SJUIKit/AttributesFactory (>= 0.0.0.38)
    - SJUIKit/ObserverHelper (>= 0.0.0.38)
    - SJUIKit/Queues (>= 0.0.0.38)
  - SJBaseVideoPlayer/AVPlayer (3.1.7):
    - Masonry
    - Reachability
    - SJBaseVideoPlayer/Common
    - SJUIKit/AttributesFactory (>= 0.0.0.38)
    - SJUIKit/ObserverHelper (>= 0.0.0.38)
    - SJUIKit/Queues (>= 0.0.0.38)
  - SJBaseVideoPlayer/Common (3.1.7):
    - Masonry
    - Reachability
    - SJBaseVideoPlayer/ResourceLoader
    - SJUIKit/AttributesFactory (>= 0.0.0.38)
    - SJUIKit/ObserverHelper (>= 0.0.0.38)
    - SJUIKit/Queues (>= 0.0.0.38)
  - SJBaseVideoPlayer/ResourceLoader (3.1.7):
    - Masonry
    - Reachability
    - SJUIKit/AttributesFactory (>= 0.0.0.38)
    - SJUIKit/ObserverHelper (>= 0.0.0.38)
    - SJUIKit/Queues (>= 0.0.0.38)
  - SJUIKit/AttributesFactory (0.0.0.39):
    - SJUIKit/AttributesFactory/Deprecated (= 0.0.0.39)
    - SJUIKit/AttributesFactory/UIKitText (= 0.0.0.39)
  - SJUIKit/AttributesFactory/Deprecated (0.0.0.39)
  - SJUIKit/AttributesFactory/UIKitText (0.0.0.39)
  - SJUIKit/ObserverHelper (0.0.0.39)
  - SJUIKit/Queues (0.0.0.39)
  - SJVideoPlayer (3.1.1):
    - SJBaseVideoPlayer (>= 3.1.7)
    - SJVideoPlayer/Common (= 3.1.1)
    - SJVideoPlayer/ControlLayers (= 3.1.1)
    - SJVideoPlayer/ResourceLoader (= 3.1.1)
  - SJVideoPlayer/Common (3.1.1):
    - Masonry
    - SJBaseVideoPlayer (>= 3.1.7)
    - SJUIKit/AttributesFactory
    - SJVideoPlayer/ResourceLoader
  - SJVideoPlayer/ControlLayers (3.1.1):
    - SJBaseVideoPlayer (>= 3.1.7)
    - SJVideoPlayer/Common
  - SJVideoPlayer/ResourceLoader (3.1.1):
    - SJBaseVideoPlayer (>= 3.1.7)
  - UMCCommon (2.1.1)
  - UMCSecurityPlugins (1.0.6)
  - UMCShare/Core (6.9.6):
    - UMCCommon
  - UMCShare/Social/ReducedSina (6.9.6):
    - UMCCommon
    - UMCShare/Core
  - UMCShare/Social/ReducedWeChat (6.9.6):
    - UMCCommon
    - UMCShare/Core
  - UMCShare/Social/WeChat (6.9.6):
    - UMCCommon
    - UMCShare/Core
    - UMCShare/Social/ReducedWeChat
  - UMCShare/UI (6.9.6):
    - UMCCommon
    - UMCShare/Core
  - VTMagic (1.2.4):
    - VTMagic/Core (= 1.2.4)
  - VTMagic/Core (1.2.4)
  - YYModel (1.0.4)

DEPENDENCIES:
  - AFNetworking
  - CYLTabBarController
  - IQKeyboardManager
  - JXCategoryView
  - JXPagingView/Pager
  - LookinServer
  - MJRefresh
  - QMUIKit
  - ReactiveObjC
  - SDCycleScrollView
  - SDWebImage
  - SJVideoPlayer
  - UMCCommon
  - UMCSecurityPlugins
  - UMCShare/Social/ReducedSina
  - UMCShare/Social/WeChat
  - UMCShare/UI
  - VTMagic
  - YYModel

SPEC REPOS:
  trunk:
    - AFNetworking
    - CYLTabBarController
    - IQKeyboardManager
    - JXCategoryView
    - JXPagingView
    - LookinServer
    - Masonry
    - MJRefresh
    - QMUIKit
    - Reachability
    - ReactiveObjC
    - SDCycleScrollView
    - SDWebImage
    - SJBaseVideoPlayer
    - SJUIKit
    - SJVideoPlayer
    - UMCCommon
    - UMCSecurityPlugins
    - UMCShare
    - VTMagic
    - YYModel

SPEC CHECKSUMS:
  AFNetworking: b6f891fdfaed196b46c7a83cf209e09697b94057
  CYLTabBarController: d7160abd77b3a94626cff123fdfaa4f3badde20d
  IQKeyboardManager: 72b359cd7e777e3a984cedbe05f8da45320cbb63
  JXCategoryView: b284d35a7a8772eada05dd78642233e1eb763ea8
  JXPagingView: cacaf7512d223e21133bd71ca245126acc5f535a
  LookinServer: 0002891cd3cec5e082a910e897dfe71b4f06b89e
  Masonry: 678fab65091a9290e40e2832a55e7ab731aad201
  MJRefresh: 2b1214a2dc8f4df4c5dcb028ea2ad4e245425fb7
  QMUIKit: 92b1ac5112562aa4a788d786940c3e84f054aa1e
  Reachability: 33e18b67625424e47b6cde6d202dce689ad7af96
  ReactiveObjC: 011caa393aa0383245f2dcf9bf02e86b80b36040
  SDCycleScrollView: b3c9a5ed840c771c4938978174c7c9d9feefeb96
  SDWebImage: 5bf6aec6481ae2a062bdc59f9d6c1d1e552090e0
  SJBaseVideoPlayer: 9e18423fd106835ce84a882e7ac65959a2dec212
  SJUIKit: 5479a150083e606937a796801ecaae6317e046f5
  SJVideoPlayer: 02bafffeb014806167be201f2860462fdc4d9e87
  UMCCommon: 971f324a5a99c9d662ae040a815e7e3d7ef8b2a8
  UMCSecurityPlugins: 0831a08f3988f3cea9f1d3a7626cd9bee4fef150
  UMCShare: e0cef55c0fd6051254c8cda1d0630eb578b27bad
  VTMagic: b49e5f456dbcbfd9a3588ba92417233a105bc193
  YYModel: 2a7fdd96aaa4b86a824e26d0c517de8928c04b30

PODFILE CHECKSUM: 42fc253a75107e872f72a00c3ea4c0f3773a2e32

COCOAPODS: 1.8.4
